// !$*UTF8*$!
{
	archiveVersion = 1;
	classes = {
	};
	objectVersion = 50;
	objects = {

/* Begin PBXBuildFile section */
		8723D6B124C99BB50063ACBC /* VideoCardViewController.swift in Sources */ = {isa = PBXBuildFile; fileRef = 8723D6B024C99BB50063ACBC /* VideoCardViewController.swift */; };
		8723D6B424C9A5880063ACBC /* VideoCardCell.swift in Sources */ = {isa = PBXBuildFile; fileRef = 8723D6B224C9A5880063ACBC /* VideoCardCell.swift */; };
		8723D6B524C9A5880063ACBC /* VideoCardCell.xib in Resources */ = {isa = PBXBuildFile; fileRef = 8723D6B324C9A5880063ACBC /* VideoCardCell.xib */; };
		8723D6BA24C9D21D0063ACBC /* ProfileUserController.swift in Sources */ = {isa = PBXBuildFile; fileRef = 8723D6B924C9D21D0063ACBC /* ProfileUserController.swift */; };
		873A745C24CA1CCF005913E6 /* UserDataCell.swift in Sources */ = {isa = PBXBuildFile; fileRef = 873A745A24CA1CCF005913E6 /* UserDataCell.swift */; };
		873A745D24CA1CCF005913E6 /* UserDataCell.xib in Resources */ = {isa = PBXBuildFile; fileRef = 873A745B24CA1CCF005913E6 /* UserDataCell.xib */; };
		873A746024CA1EF2005913E6 /* OtherDataCell.swift in Sources */ = {isa = PBXBuildFile; fileRef = 873A745E24CA1EF2005913E6 /* OtherDataCell.swift */; };
		873A746124CA1EF2005913E6 /* OtherDataCell.xib in Resources */ = {isa = PBXBuildFile; fileRef = 873A745F24CA1EF2005913E6 /* OtherDataCell.xib */; };
		877BB55524C883B400BA12D2 /* VerifyViewController.swift in Sources */ = {isa = PBXBuildFile; fileRef = 877BB55424C883B400BA12D2 /* VerifyViewController.swift */; };
		877BB55724C888DA00BA12D2 /* Shadows.swift in Sources */ = {isa = PBXBuildFile; fileRef = 877BB55624C888DA00BA12D2 /* Shadows.swift */; };
		877BB55A24C8D51300BA12D2 /* Montserrat-Bold.ttf in Resources */ = {isa = PBXBuildFile; fileRef = 877BB55924C8D51300BA12D2 /* Montserrat-Bold.ttf */; };
		877BB55C24C8D51F00BA12D2 /* Montserrat-Light.ttf in Resources */ = {isa = PBXBuildFile; fileRef = 877BB55B24C8D51F00BA12D2 /* Montserrat-Light.ttf */; };
		877BB55E24C8D52700BA12D2 /* Montserrat-Medium.ttf in Resources */ = {isa = PBXBuildFile; fileRef = 877BB55D24C8D52700BA12D2 /* Montserrat-Medium.ttf */; };
		877BB56024C8D52E00BA12D2 /* Montserrat-Regular.ttf in Resources */ = {isa = PBXBuildFile; fileRef = 877BB55F24C8D52E00BA12D2 /* Montserrat-Regular.ttf */; };
		877BB56224C8D53600BA12D2 /* Montserrat-SemiBold.ttf in Resources */ = {isa = PBXBuildFile; fileRef = 877BB56124C8D53600BA12D2 /* Montserrat-SemiBold.ttf */; };
		877BB56424C8D53E00BA12D2 /* Montserrat-Thin.ttf in Resources */ = {isa = PBXBuildFile; fileRef = 877BB56324C8D53E00BA12D2 /* Montserrat-Thin.ttf */; };
		877BB56624C8D7A200BA12D2 /* Fonts.swift in Sources */ = {isa = PBXBuildFile; fileRef = 877BB56524C8D7A200BA12D2 /* Fonts.swift */; };
		877BB56924C8DCFA00BA12D2 /* VideoLibraryViewController.swift in Sources */ = {isa = PBXBuildFile; fileRef = 877BB56824C8DCFA00BA12D2 /* VideoLibraryViewController.swift */; };
		877BB56C24C8E10000BA12D2 /* VideoLibraryCell.swift in Sources */ = {isa = PBXBuildFile; fileRef = 877BB56A24C8E10000BA12D2 /* VideoLibraryCell.swift */; };
		877BB56D24C8E10000BA12D2 /* VideoLibraryCell.xib in Resources */ = {isa = PBXBuildFile; fileRef = 877BB56B24C8E10000BA12D2 /* VideoLibraryCell.xib */; };
		87F5AE3324C72F3B00132173 /* AppDelegate.swift in Sources */ = {isa = PBXBuildFile; fileRef = 87F5AE3224C72F3B00132173 /* AppDelegate.swift */; };
		87F5AE3524C72F3B00132173 /* SceneDelegate.swift in Sources */ = {isa = PBXBuildFile; fileRef = 87F5AE3424C72F3B00132173 /* SceneDelegate.swift */; };
		87F5AE3A24C72F3B00132173 /* Main.storyboard in Resources */ = {isa = PBXBuildFile; fileRef = 87F5AE3824C72F3B00132173 /* Main.storyboard */; };
		87F5AE3C24C72F3D00132173 /* Assets.xcassets in Resources */ = {isa = PBXBuildFile; fileRef = 87F5AE3B24C72F3D00132173 /* Assets.xcassets */; };
		87F5AE3F24C72F3D00132173 /* LaunchScreen.storyboard in Resources */ = {isa = PBXBuildFile; fileRef = 87F5AE3D24C72F3D00132173 /* LaunchScreen.storyboard */; };
		87F5AE4724C7305D00132173 /* CGFloatExtension.swift in Sources */ = {isa = PBXBuildFile; fileRef = 87F5AE4624C7305D00132173 /* CGFloatExtension.swift */; };
		87F5AE4E24C735D400132173 /* Theme.swift in Sources */ = {isa = PBXBuildFile; fileRef = 87F5AE4D24C735D400132173 /* Theme.swift */; };
		87F5AE5124C785DB00132173 /* AuthViewController.swift in Sources */ = {isa = PBXBuildFile; fileRef = 87F5AE5024C785DB00132173 /* AuthViewController.swift */; };
		87F5AE5424C795AE00132173 /* MainUserViewController.swift in Sources */ = {isa = PBXBuildFile; fileRef = 87F5AE5324C795AE00132173 /* MainUserViewController.swift */; };
		87F5AE5724C7990000132173 /* HeaderCollectionViewCell.swift in Sources */ = {isa = PBXBuildFile; fileRef = 87F5AE5524C7990000132173 /* HeaderCollectionViewCell.swift */; };
		87F5AE5824C7990000132173 /* HeaderCollectionViewCell.xib in Resources */ = {isa = PBXBuildFile; fileRef = 87F5AE5624C7990000132173 /* HeaderCollectionViewCell.xib */; };
/* End PBXBuildFile section */

/* Begin PBXFileReference section */
		8723D6B024C99BB50063ACBC /* VideoCardViewController.swift */ = {isa = PBXFileReference; lastKnownFileType = sourcecode.swift; path = VideoCardViewController.swift; sourceTree = "<group>"; };
		8723D6B224C9A5880063ACBC /* VideoCardCell.swift */ = {isa = PBXFileReference; lastKnownFileType = sourcecode.swift; path = VideoCardCell.swift; sourceTree = "<group>"; };
		8723D6B324C9A5880063ACBC /* VideoCardCell.xib */ = {isa = PBXFileReference; lastKnownFileType = file.xib; path = VideoCardCell.xib; sourceTree = "<group>"; };
		8723D6B924C9D21D0063ACBC /* ProfileUserController.swift */ = {isa = PBXFileReference; lastKnownFileType = sourcecode.swift; path = ProfileUserController.swift; sourceTree = "<group>"; };
		873A745A24CA1CCF005913E6 /* UserDataCell.swift */ = {isa = PBXFileReference; lastKnownFileType = sourcecode.swift; path = UserDataCell.swift; sourceTree = "<group>"; };
		873A745B24CA1CCF005913E6 /* UserDataCell.xib */ = {isa = PBXFileReference; lastKnownFileType = file.xib; path = UserDataCell.xib; sourceTree = "<group>"; };
		873A745E24CA1EF2005913E6 /* OtherDataCell.swift */ = {isa = PBXFileReference; lastKnownFileType = sourcecode.swift; path = OtherDataCell.swift; sourceTree = "<group>"; };
		873A745F24CA1EF2005913E6 /* OtherDataCell.xib */ = {isa = PBXFileReference; lastKnownFileType = file.xib; path = OtherDataCell.xib; sourceTree = "<group>"; };
		877BB55424C883B400BA12D2 /* VerifyViewController.swift */ = {isa = PBXFileReference; lastKnownFileType = sourcecode.swift; path = VerifyViewController.swift; sourceTree = "<group>"; };
		877BB55624C888DA00BA12D2 /* Shadows.swift */ = {isa = PBXFileReference; lastKnownFileType = sourcecode.swift; path = Shadows.swift; sourceTree = "<group>"; };
		877BB55924C8D51300BA12D2 /* Montserrat-Bold.ttf */ = {isa = PBXFileReference; lastKnownFileType = file; path = "Montserrat-Bold.ttf"; sourceTree = "<group>"; };
		877BB55B24C8D51F00BA12D2 /* Montserrat-Light.ttf */ = {isa = PBXFileReference; lastKnownFileType = file; path = "Montserrat-Light.ttf"; sourceTree = "<group>"; };
		877BB55D24C8D52700BA12D2 /* Montserrat-Medium.ttf */ = {isa = PBXFileReference; lastKnownFileType = file; path = "Montserrat-Medium.ttf"; sourceTree = "<group>"; };
		877BB55F24C8D52E00BA12D2 /* Montserrat-Regular.ttf */ = {isa = PBXFileReference; lastKnownFileType = file; path = "Montserrat-Regular.ttf"; sourceTree = "<group>"; };
		877BB56124C8D53600BA12D2 /* Montserrat-SemiBold.ttf */ = {isa = PBXFileReference; lastKnownFileType = file; path = "Montserrat-SemiBold.ttf"; sourceTree = "<group>"; };
		877BB56324C8D53E00BA12D2 /* Montserrat-Thin.ttf */ = {isa = PBXFileReference; lastKnownFileType = file; path = "Montserrat-Thin.ttf"; sourceTree = "<group>"; };
		877BB56524C8D7A200BA12D2 /* Fonts.swift */ = {isa = PBXFileReference; lastKnownFileType = sourcecode.swift; path = Fonts.swift; sourceTree = "<group>"; };
		877BB56824C8DCFA00BA12D2 /* VideoLibraryViewController.swift */ = {isa = PBXFileReference; lastKnownFileType = sourcecode.swift; path = VideoLibraryViewController.swift; sourceTree = "<group>"; };
		877BB56A24C8E10000BA12D2 /* VideoLibraryCell.swift */ = {isa = PBXFileReference; lastKnownFileType = sourcecode.swift; path = VideoLibraryCell.swift; sourceTree = "<group>"; };
		877BB56B24C8E10000BA12D2 /* VideoLibraryCell.xib */ = {isa = PBXFileReference; lastKnownFileType = file.xib; path = VideoLibraryCell.xib; sourceTree = "<group>"; };
		87F5AE2F24C72F3B00132173 /* FitPlace.app */ = {isa = PBXFileReference; explicitFileType = wrapper.application; includeInIndex = 0; path = FitPlace.app; sourceTree = BUILT_PRODUCTS_DIR; };
		87F5AE3224C72F3B00132173 /* AppDelegate.swift */ = {isa = PBXFileReference; lastKnownFileType = sourcecode.swift; path = AppDelegate.swift; sourceTree = "<group>"; };
		87F5AE3424C72F3B00132173 /* SceneDelegate.swift */ = {isa = PBXFileReference; lastKnownFileType = sourcecode.swift; path = SceneDelegate.swift; sourceTree = "<group>"; };
		87F5AE3924C72F3B00132173 /* Base */ = {isa = PBXFileReference; lastKnownFileType = file.storyboard; name = Base; path = Base.lproj/Main.storyboard; sourceTree = "<group>"; };
		87F5AE3B24C72F3D00132173 /* Assets.xcassets */ = {isa = PBXFileReference; lastKnownFileType = folder.assetcatalog; path = Assets.xcassets; sourceTree = "<group>"; };
		87F5AE3E24C72F3D00132173 /* Base */ = {isa = PBXFileReference; lastKnownFileType = file.storyboard; name = Base; path = Base.lproj/LaunchScreen.storyboard; sourceTree = "<group>"; };
		87F5AE4024C72F3D00132173 /* Info.plist */ = {isa = PBXFileReference; lastKnownFileType = text.plist.xml; name = Info.plist; path = FitPlace/Application/Info.plist; sourceTree = SOURCE_ROOT; };
		87F5AE4624C7305D00132173 /* CGFloatExtension.swift */ = {isa = PBXFileReference; lastKnownFileType = sourcecode.swift; path = CGFloatExtension.swift; sourceTree = "<group>"; };
		87F5AE4D24C735D400132173 /* Theme.swift */ = {isa = PBXFileReference; lastKnownFileType = sourcecode.swift; path = Theme.swift; sourceTree = "<group>"; };
		87F5AE5024C785DB00132173 /* AuthViewController.swift */ = {isa = PBXFileReference; lastKnownFileType = sourcecode.swift; path = AuthViewController.swift; sourceTree = "<group>"; };
		87F5AE5324C795AE00132173 /* MainUserViewController.swift */ = {isa = PBXFileReference; lastKnownFileType = sourcecode.swift; path = MainUserViewController.swift; sourceTree = "<group>"; };
		87F5AE5524C7990000132173 /* HeaderCollectionViewCell.swift */ = {isa = PBXFileReference; lastKnownFileType = sourcecode.swift; path = HeaderCollectionViewCell.swift; sourceTree = "<group>"; };
		87F5AE5624C7990000132173 /* HeaderCollectionViewCell.xib */ = {isa = PBXFileReference; lastKnownFileType = file.xib; path = HeaderCollectionViewCell.xib; sourceTree = "<group>"; };
/* End PBXFileReference section */

/* Begin PBXFrameworksBuildPhase section */
		87F5AE2C24C72F3B00132173 /* Frameworks */ = {
			isa = PBXFrameworksBuildPhase;
			buildActionMask = 2147483647;
			files = (
			);
			runOnlyForDeploymentPostprocessing = 0;
		};
/* End PBXFrameworksBuildPhase section */

/* Begin PBXGroup section */
		8723D6AF24C99B760063ACBC /* Video Card */ = {
			isa = PBXGroup;
			children = (
				8723D6B024C99BB50063ACBC /* VideoCardViewController.swift */,
				8723D6B224C9A5880063ACBC /* VideoCardCell.swift */,
				8723D6B324C9A5880063ACBC /* VideoCardCell.xib */,
			);
			path = "Video Card";
			sourceTree = "<group>";
		};
		8723D6B624C9D0480063ACBC /* Profile User */ = {
			isa = PBXGroup;
			children = (
				8723D6B924C9D21D0063ACBC /* ProfileUserController.swift */,
				873A745A24CA1CCF005913E6 /* UserDataCell.swift */,
				873A745B24CA1CCF005913E6 /* UserDataCell.xib */,
				873A745E24CA1EF2005913E6 /* OtherDataCell.swift */,
				873A745F24CA1EF2005913E6 /* OtherDataCell.xib */,
			);
			path = "Profile User";
			sourceTree = "<group>";
		};
		8753049824C8701F009D80F1 /* Verify */ = {
			isa = PBXGroup;
			children = (
				877BB55424C883B400BA12D2 /* VerifyViewController.swift */,
			);
			path = Verify;
			sourceTree = "<group>";
		};
		877BB55824C8D4BA00BA12D2 /* Fonts */ = {
			isa = PBXGroup;
			children = (
				877BB55924C8D51300BA12D2 /* Montserrat-Bold.ttf */,
				877BB55B24C8D51F00BA12D2 /* Montserrat-Light.ttf */,
				877BB55D24C8D52700BA12D2 /* Montserrat-Medium.ttf */,
				877BB55F24C8D52E00BA12D2 /* Montserrat-Regular.ttf */,
				877BB56124C8D53600BA12D2 /* Montserrat-SemiBold.ttf */,
				877BB56324C8D53E00BA12D2 /* Montserrat-Thin.ttf */,
			);
			path = Fonts;
			sourceTree = "<group>";
		};
		877BB56724C8DCD600BA12D2 /* Video Library */ = {
			isa = PBXGroup;
			children = (
				877BB56824C8DCFA00BA12D2 /* VideoLibraryViewController.swift */,
				877BB56A24C8E10000BA12D2 /* VideoLibraryCell.swift */,
				877BB56B24C8E10000BA12D2 /* VideoLibraryCell.xib */,
			);
			path = "Video Library";
			sourceTree = "<group>";
		};
		87F5AE2624C72F3B00132173 = {
			isa = PBXGroup;
			children = (
				87F5AE3124C72F3B00132173 /* FitPlace */,
				87F5AE3024C72F3B00132173 /* Products */,
			);
			sourceTree = "<group>";
		};
		87F5AE3024C72F3B00132173 /* Products */ = {
			isa = PBXGroup;
			children = (
				87F5AE2F24C72F3B00132173 /* FitPlace.app */,
			);
			name = Products;
			sourceTree = "<group>";
		};
		87F5AE3124C72F3B00132173 /* FitPlace */ = {
			isa = PBXGroup;
			children = (
				87F5AE4824C7306100132173 /* Application */,
				87F5AE4B24C730EE00132173 /* ViewControllers */,
				87F5AE4924C7309E00132173 /* Extensions */,
				87F5AE4C24C735C500132173 /* Theme */,
				87F5AE3824C72F3B00132173 /* Main.storyboard */,
				87F5AE3D24C72F3D00132173 /* LaunchScreen.storyboard */,
				87F5AE4A24C730CD00132173 /* Resources */,
			);
			path = FitPlace;
			sourceTree = "<group>";
		};
		87F5AE4824C7306100132173 /* Application */ = {
			isa = PBXGroup;
			children = (
				87F5AE3224C72F3B00132173 /* AppDelegate.swift */,
				87F5AE3424C72F3B00132173 /* SceneDelegate.swift */,
				87F5AE4024C72F3D00132173 /* Info.plist */,
			);
			path = Application;
			sourceTree = "<group>";
		};
		87F5AE4924C7309E00132173 /* Extensions */ = {
			isa = PBXGroup;
			children = (
				87F5AE4624C7305D00132173 /* CGFloatExtension.swift */,
			);
			path = Extensions;
			sourceTree = "<group>";
		};
		87F5AE4A24C730CD00132173 /* Resources */ = {
			isa = PBXGroup;
			children = (
				87F5AE3B24C72F3D00132173 /* Assets.xcassets */,
				877BB55824C8D4BA00BA12D2 /* Fonts */,
			);
			path = Resources;
			sourceTree = "<group>";
		};
		87F5AE4B24C730EE00132173 /* ViewControllers */ = {
			isa = PBXGroup;
			children = (
				87F5AE4F24C785B300132173 /* Auth */,
				87F5AE5224C7959700132173 /* Main User */,
				8753049824C8701F009D80F1 /* Verify */,
				877BB56724C8DCD600BA12D2 /* Video Library */,
				8723D6AF24C99B760063ACBC /* Video Card */,
				8723D6B624C9D0480063ACBC /* Profile User */,
			);
			path = ViewControllers;
			sourceTree = "<group>";
		};
		87F5AE4C24C735C500132173 /* Theme */ = {
			isa = PBXGroup;
			children = (
				87F5AE4D24C735D400132173 /* Theme.swift */,
				877BB55624C888DA00BA12D2 /* Shadows.swift */,
				877BB56524C8D7A200BA12D2 /* Fonts.swift */,
			);
			path = Theme;
			sourceTree = "<group>";
		};
		87F5AE4F24C785B300132173 /* Auth */ = {
			isa = PBXGroup;
			children = (
				87F5AE5024C785DB00132173 /* AuthViewController.swift */,
			);
			path = Auth;
			sourceTree = "<group>";
		};
		87F5AE5224C7959700132173 /* Main User */ = {
			isa = PBXGroup;
			children = (
				87F5AE5324C795AE00132173 /* MainUserViewController.swift */,
				87F5AE5524C7990000132173 /* HeaderCollectionViewCell.swift */,
				87F5AE5624C7990000132173 /* HeaderCollectionViewCell.xib */,
			);
			path = "Main User";
			sourceTree = "<group>";
		};
/* End PBXGroup section */

/* Begin PBXNativeTarget section */
		87F5AE2E24C72F3B00132173 /* FitPlace */ = {
			isa = PBXNativeTarget;
			buildConfigurationList = 87F5AE4324C72F3D00132173 /* Build configuration list for PBXNativeTarget "FitPlace" */;
			buildPhases = (
				87F5AE2B24C72F3B00132173 /* Sources */,
				87F5AE2C24C72F3B00132173 /* Frameworks */,
				87F5AE2D24C72F3B00132173 /* Resources */,
			);
			buildRules = (
			);
			dependencies = (
			);
			name = FitPlace;
			productName = FitPlace;
			productReference = 87F5AE2F24C72F3B00132173 /* FitPlace.app */;
			productType = "com.apple.product-type.application";
		};
/* End PBXNativeTarget section */

/* Begin PBXProject section */
		87F5AE2724C72F3B00132173 /* Project object */ = {
			isa = PBXProject;
			attributes = {
				LastSwiftUpdateCheck = 1150;
				LastUpgradeCheck = 1150;
				ORGANIZATIONNAME = "com.quantag-it";
				TargetAttributes = {
					87F5AE2E24C72F3B00132173 = {
						CreatedOnToolsVersion = 11.5;
					};
				};
			};
			buildConfigurationList = 87F5AE2A24C72F3B00132173 /* Build configuration list for PBXProject "FitPlace" */;
			compatibilityVersion = "Xcode 9.3";
			developmentRegion = en;
			hasScannedForEncodings = 0;
			knownRegions = (
				en,
				Base,
			);
			mainGroup = 87F5AE2624C72F3B00132173;
			productRefGroup = 87F5AE3024C72F3B00132173 /* Products */;
			projectDirPath = "";
			projectRoot = "";
			targets = (
				87F5AE2E24C72F3B00132173 /* FitPlace */,
			);
		};
/* End PBXProject section */

/* Begin PBXResourcesBuildPhase section */
		87F5AE2D24C72F3B00132173 /* Resources */ = {
			isa = PBXResourcesBuildPhase;
			buildActionMask = 2147483647;
			files = (
				873A746124CA1EF2005913E6 /* OtherDataCell.xib in Resources */,
				877BB56424C8D53E00BA12D2 /* Montserrat-Thin.ttf in Resources */,
				877BB56024C8D52E00BA12D2 /* Montserrat-Regular.ttf in Resources */,
				877BB56D24C8E10000BA12D2 /* VideoLibraryCell.xib in Resources */,
				877BB55C24C8D51F00BA12D2 /* Montserrat-Light.ttf in Resources */,
				877BB55A24C8D51300BA12D2 /* Montserrat-Bold.ttf in Resources */,
				87F5AE3F24C72F3D00132173 /* LaunchScreen.storyboard in Resources */,
				877BB55E24C8D52700BA12D2 /* Montserrat-Medium.ttf in Resources */,
				87F5AE5824C7990000132173 /* HeaderCollectionViewCell.xib in Resources */,
				877BB56224C8D53600BA12D2 /* Montserrat-SemiBold.ttf in Resources */,
				873A745D24CA1CCF005913E6 /* UserDataCell.xib in Resources */,
				87F5AE3C24C72F3D00132173 /* Assets.xcassets in Resources */,
				87F5AE3A24C72F3B00132173 /* Main.storyboard in Resources */,
				8723D6B524C9A5880063ACBC /* VideoCardCell.xib in Resources */,
			);
			runOnlyForDeploymentPostprocessing = 0;
		};
/* End PBXResourcesBuildPhase section */

/* Begin PBXSourcesBuildPhase section */
		87F5AE2B24C72F3B00132173 /* Sources */ = {
			isa = PBXSourcesBuildPhase;
			buildActionMask = 2147483647;
			files = (
				87F5AE3324C72F3B00132173 /* AppDelegate.swift in Sources */,
				877BB56C24C8E10000BA12D2 /* VideoLibraryCell.swift in Sources */,
				877BB55724C888DA00BA12D2 /* Shadows.swift in Sources */,
				8723D6B424C9A5880063ACBC /* VideoCardCell.swift in Sources */,
				877BB56924C8DCFA00BA12D2 /* VideoLibraryViewController.swift in Sources */,
				8723D6B124C99BB50063ACBC /* VideoCardViewController.swift in Sources */,
				873A745C24CA1CCF005913E6 /* UserDataCell.swift in Sources */,
				877BB55524C883B400BA12D2 /* VerifyViewController.swift in Sources */,
				87F5AE4E24C735D400132173 /* Theme.swift in Sources */,
				87F5AE4724C7305D00132173 /* CGFloatExtension.swift in Sources */,
				87F5AE5724C7990000132173 /* HeaderCollectionViewCell.swift in Sources */,
				8723D6BA24C9D21D0063ACBC /* ProfileUserController.swift in Sources */,
				877BB56624C8D7A200BA12D2 /* Fonts.swift in Sources */,
				873A746024CA1EF2005913E6 /* OtherDataCell.swift in Sources */,
				87F5AE5124C785DB00132173 /* AuthViewController.swift in Sources */,
				87F5AE5424C795AE00132173 /* MainUserViewController.swift in Sources */,
				87F5AE3524C72F3B00132173 /* SceneDelegate.swift in Sources */,
			);
			runOnlyForDeploymentPostprocessing = 0;
		};
/* End PBXSourcesBuildPhase section */

/* Begin PBXVariantGroup section */
		87F5AE3824C72F3B00132173 /* Main.storyboard */ = {
			isa = PBXVariantGroup;
			children = (
				87F5AE3924C72F3B00132173 /* Base */,
			);
			name = Main.storyboard;
			sourceTree = "<group>";
		};
		87F5AE3D24C72F3D00132173 /* LaunchScreen.storyboard */ = {
			isa = PBXVariantGroup;
			children = (
				87F5AE3E24C72F3D00132173 /* Base */,
			);
			name = LaunchScreen.storyboard;
			sourceTree = "<group>";
		};
/* End PBXVariantGroup section */

/* Begin XCBuildConfiguration section */
		87F5AE4124C72F3D00132173 /* Debug */ = {
			isa = XCBuildConfiguration;
			buildSettings = {
				ALWAYS_SEARCH_USER_PATHS = NO;
				CLANG_ANALYZER_NONNULL = YES;
				CLANG_ANALYZER_NUMBER_OBJECT_CONVERSION = YES_AGGRESSIVE;
				CLANG_CXX_LANGUAGE_STANDARD = "gnu++14";
				CLANG_CXX_LIBRARY = "libc++";
				CLANG_ENABLE_MODULES = YES;
				CLANG_ENABLE_OBJC_ARC = YES;
				CLANG_ENABLE_OBJC_WEAK = YES;
				CLANG_WARN_BLOCK_CAPTURE_AUTORELEASING = YES;
				CLANG_WARN_BOOL_CONVERSION = YES;
				CLANG_WARN_COMMA = YES;
				CLANG_WARN_CONSTANT_CONVERSION = YES;
				CLANG_WARN_DEPRECATED_OBJC_IMPLEMENTATIONS = YES;
				CLANG_WARN_DIRECT_OBJC_ISA_USAGE = YES_ERROR;
				CLANG_WARN_DOCUMENTATION_COMMENTS = YES;
				CLANG_WARN_EMPTY_BODY = YES;
				CLANG_WARN_ENUM_CONVERSION = YES;
				CLANG_WARN_INFINITE_RECURSION = YES;
				CLANG_WARN_INT_CONVERSION = YES;
				CLANG_WARN_NON_LITERAL_NULL_CONVERSION = YES;
				CLANG_WARN_OBJC_IMPLICIT_RETAIN_SELF = YES;
				CLANG_WARN_OBJC_LITERAL_CONVERSION = YES;
				CLANG_WARN_OBJC_ROOT_CLASS = YES_ERROR;
				CLANG_WARN_RANGE_LOOP_ANALYSIS = YES;
				CLANG_WARN_STRICT_PROTOTYPES = YES;
				CLANG_WARN_SUSPICIOUS_MOVE = YES;
				CLANG_WARN_UNGUARDED_AVAILABILITY = YES_AGGRESSIVE;
				CLANG_WARN_UNREACHABLE_CODE = YES;
				CLANG_WARN__DUPLICATE_METHOD_MATCH = YES;
				COPY_PHASE_STRIP = NO;
				DEBUG_INFORMATION_FORMAT = dwarf;
				ENABLE_STRICT_OBJC_MSGSEND = YES;
				ENABLE_TESTABILITY = YES;
				GCC_C_LANGUAGE_STANDARD = gnu11;
				GCC_DYNAMIC_NO_PIC = NO;
				GCC_NO_COMMON_BLOCKS = YES;
				GCC_OPTIMIZATION_LEVEL = 0;
				GCC_PREPROCESSOR_DEFINITIONS = (
					"DEBUG=1",
					"$(inherited)",
				);
				GCC_WARN_64_TO_32_BIT_CONVERSION = YES;
				GCC_WARN_ABOUT_RETURN_TYPE = YES_ERROR;
				GCC_WARN_UNDECLARED_SELECTOR = YES;
				GCC_WARN_UNINITIALIZED_AUTOS = YES_AGGRESSIVE;
				GCC_WARN_UNUSED_FUNCTION = YES;
				GCC_WARN_UNUSED_VARIABLE = YES;
				IPHONEOS_DEPLOYMENT_TARGET = 13.5;
				MTL_ENABLE_DEBUG_INFO = INCLUDE_SOURCE;
				MTL_FAST_MATH = YES;
				ONLY_ACTIVE_ARCH = YES;
				SDKROOT = iphoneos;
				SWIFT_ACTIVE_COMPILATION_CONDITIONS = DEBUG;
				SWIFT_OPTIMIZATION_LEVEL = "-Onone";
			};
			name = Debug;
		};
		87F5AE4224C72F3D00132173 /* Release */ = {
			isa = XCBuildConfiguration;
			buildSettings = {
				ALWAYS_SEARCH_USER_PATHS = NO;
				CLANG_ANALYZER_NONNULL = YES;
				CLANG_ANALYZER_NUMBER_OBJECT_CONVERSION = YES_AGGRESSIVE;
				CLANG_CXX_LANGUAGE_STANDARD = "gnu++14";
				CLANG_CXX_LIBRARY = "libc++";
				CLANG_ENABLE_MODULES = YES;
				CLANG_ENABLE_OBJC_ARC = YES;
				CLANG_ENABLE_OBJC_WEAK = YES;
				CLANG_WARN_BLOCK_CAPTURE_AUTORELEASING = YES;
				CLANG_WARN_BOOL_CONVERSION = YES;
				CLANG_WARN_COMMA = YES;
				CLANG_WARN_CONSTANT_CONVERSION = YES;
				CLANG_WARN_DEPRECATED_OBJC_IMPLEMENTATIONS = YES;
				CLANG_WARN_DIRECT_OBJC_ISA_USAGE = YES_ERROR;
				CLANG_WARN_DOCUMENTATION_COMMENTS = YES;
				CLANG_WARN_EMPTY_BODY = YES;
				CLANG_WARN_ENUM_CONVERSION = YES;
				CLANG_WARN_INFINITE_RECURSION = YES;
				CLANG_WARN_INT_CONVERSION = YES;
				CLANG_WARN_NON_LITERAL_NULL_CONVERSION = YES;
				CLANG_WARN_OBJC_IMPLICIT_RETAIN_SELF = YES;
				CLANG_WARN_OBJC_LITERAL_CONVERSION = YES;
				CLANG_WARN_OBJC_ROOT_CLASS = YES_ERROR;
				CLANG_WARN_RANGE_LOOP_ANALYSIS = YES;
				CLANG_WARN_STRICT_PROTOTYPES = YES;
				CLANG_WARN_SUSPICIOUS_MOVE = YES;
				CLANG_WARN_UNGUARDED_AVAILABILITY = YES_AGGRESSIVE;
				CLANG_WARN_UNREACHABLE_CODE = YES;
				CLANG_WARN__DUPLICATE_METHOD_MATCH = YES;
				COPY_PHASE_STRIP = NO;
				DEBUG_INFORMATION_FORMAT = "dwarf-with-dsym";
				ENABLE_NS_ASSERTIONS = NO;
				ENABLE_STRICT_OBJC_MSGSEND = YES;
				GCC_C_LANGUAGE_STANDARD = gnu11;
				GCC_NO_COMMON_BLOCKS = YES;
				GCC_WARN_64_TO_32_BIT_CONVERSION = YES;
				GCC_WARN_ABOUT_RETURN_TYPE = YES_ERROR;
				GCC_WARN_UNDECLARED_SELECTOR = YES;
				GCC_WARN_UNINITIALIZED_AUTOS = YES_AGGRESSIVE;
				GCC_WARN_UNUSED_FUNCTION = YES;
				GCC_WARN_UNUSED_VARIABLE = YES;
				IPHONEOS_DEPLOYMENT_TARGET = 13.5;
				MTL_ENABLE_DEBUG_INFO = NO;
				MTL_FAST_MATH = YES;
				SDKROOT = iphoneos;
				SWIFT_COMPILATION_MODE = wholemodule;
				SWIFT_OPTIMIZATION_LEVEL = "-O";
				VALIDATE_PRODUCT = YES;
			};
			name = Release;
		};
		87F5AE4424C72F3D00132173 /* Debug */ = {
			isa = XCBuildConfiguration;
			buildSettings = {
				ASSETCATALOG_COMPILER_APPICON_NAME = AppIcon;
				CODE_SIGN_STYLE = Automatic;
				DEVELOPMENT_TEAM = X8786UV629;
				INFOPLIST_FILE = FitPlace/Application/Info.plist;
				LD_RUNPATH_SEARCH_PATHS = (
					"$(inherited)",
					"@executable_path/Frameworks",
				);
				PRODUCT_BUNDLE_IDENTIFIER = "com.quantag-it.FitPlace";
				PRODUCT_NAME = "$(TARGET_NAME)";
				SWIFT_VERSION = 5.0;
				TARGETED_DEVICE_FAMILY = "1,2";
			};
			name = Debug;
		};
		87F5AE4524C72F3D00132173 /* Release */ = {
			isa = XCBuildConfiguration;
			buildSettings = {
				ASSETCATALOG_COMPILER_APPICON_NAME = AppIcon;
				CODE_SIGN_STYLE = Automatic;
				DEVELOPMENT_TEAM = X8786UV629;
				INFOPLIST_FILE = FitPlace/Application/Info.plist;
				LD_RUNPATH_SEARCH_PATHS = (
					"$(inherited)",
					"@executable_path/Frameworks",
				);
				PRODUCT_BUNDLE_IDENTIFIER = "com.quantag-it.FitPlace";
				PRODUCT_NAME = "$(TARGET_NAME)";
				SWIFT_VERSION = 5.0;
				TARGETED_DEVICE_FAMILY = "1,2";
			};
			name = Release;
		};
/* End XCBuildConfiguration section */

/* Begin XCConfigurationList section */
		87F5AE2A24C72F3B00132173 /* Build configuration list for PBXProject "FitPlace" */ = {
			isa = XCConfigurationList;
			buildConfigurations = (
				87F5AE4124C72F3D00132173 /* Debug */,
				87F5AE4224C72F3D00132173 /* Release */,
			);
			defaultConfigurationIsVisible = 0;
			defaultConfigurationName = Release;
		};
		87F5AE4324C72F3D00132173 /* Build configuration list for PBXNativeTarget "FitPlace" */ = {
			isa = XCConfigurationList;
			buildConfigurations = (
				87F5AE4424C72F3D00132173 /* Debug */,
				87F5AE4524C72F3D00132173 /* Release */,
			);
			defaultConfigurationIsVisible = 0;
			defaultConfigurationName = Release;
		};
/* End XCConfigurationList section */
	};
	rootObject = 87F5AE2724C72F3B00132173 /* Project object */;
}
